
Microsoft Visual Studio Solution File, Format Version 12.00
# Visual Studio Version 16
VisualStudioVersion = 16.0.31025.194
MinimumVisualStudioVersion = 10.0.40219.1
Project("{9A19103F-16F7-4668-BE54-9A1E7A4F7556}") = "HomeWork 1", "HomeWork\HomeWork 1.csproj", "{3AC2217B-A934-4F3E-A0EA-A32ABF00CF7A}"
EndProject
Project("{2150E333-8FDC-42A3-9474-1A3956D46DE8}") = "HW1", "HW1", "{877134BE-32B0-4AB4-A9E3-5E84400B9EDD}"
EndProject
Project("{2150E333-8FDC-42A3-9474-1A3956D46DE8}") = "Homework_2", "Homework_2", "{41BD3557-6DF9-424D-9488-C16ECAC8F323}"
EndProject
Project("{9A19103F-16F7-4668-BE54-9A1E7A4F7556}") = "HW2_1", "HomeWork 2\HW2_1\HW2_1.csproj", "{C206463D-4298-493F-992B-FA5C93DB3F48}"
EndProject
Project("{9A19103F-16F7-4668-BE54-9A1E7A4F7556}") = "HW2_2", "HomeWork 2\HW2_2\HW2_2.csproj", "{9A40DA8B-74EA-47C4-9503-79B3A40B6FAA}"
EndProject
Project("{9A19103F-16F7-4668-BE54-9A1E7A4F7556}") = "HW2_3", "HomeWork 2\HW2_3\HW2_3.csproj", "{3F2630FF-ED2D-4CBA-8DE9-067F44C89488}"
EndProject
Project("{9A19103F-16F7-4668-BE54-9A1E7A4F7556}") = "HW2_4", "HomeWork 2\HW2_4\HW2_4.csproj", "{D42EF712-A744-4DC7-8FEE-E8D4524BF740}"
EndProject
Project("{9A19103F-16F7-4668-BE54-9A1E7A4F7556}") = "HW2_5", "HomeWork 2\HW2_5\HW2_5.csproj", "{0A32D6F7-1496-4E01-A0EE-8288AB905400}"
EndProject
Project("{9A19103F-16F7-4668-BE54-9A1E7A4F7556}") = "HW2_6", "HomeWork 2\HW2_6\HW2_6.csproj", "{E0FE147A-32C7-4BC3-8A22-E835A04DDEA3}"
EndProject
Project("{2150E333-8FDC-42A3-9474-1A3956D46DE8}") = "Homework_3", "Homework_3", "{E71A897F-3B1D-4C33-B851-06956CA9593C}"
EndProject
Project("{FAE04EC0-301F-11D3-BF4B-00C04F79EFBC}") = "HW3_1", "HomeWork 3\HW3_1\HW3_1.csproj", "{7F8E2FB2-5B41-4AEF-A7E6-08580146E053}"
EndProject
Global
	GlobalSection(SolutionConfigurationPlatforms) = preSolution
		Debug|Any CPU = Debug|Any CPU
		Release|Any CPU = Release|Any CPU
	EndGlobalSection
	GlobalSection(ProjectConfigurationPlatforms) = postSolution
		{3AC2217B-A934-4F3E-A0EA-A32ABF00CF7A}.Debug|Any CPU.ActiveCfg = Debug|Any CPU
		{3AC2217B-A934-4F3E-A0EA-A32ABF00CF7A}.Debug|Any CPU.Build.0 = Debug|Any CPU
		{3AC2217B-A934-4F3E-A0EA-A32ABF00CF7A}.Release|Any CPU.ActiveCfg = Release|Any CPU
		{3AC2217B-A934-4F3E-A0EA-A32ABF00CF7A}.Release|Any CPU.Build.0 = Release|Any CPU
		{C206463D-4298-493F-992B-FA5C93DB3F48}.Debug|Any CPU.ActiveCfg = Debug|Any CPU
		{C206463D-4298-493F-992B-FA5C93DB3F48}.Debug|Any CPU.Build.0 = Debug|Any CPU
		{C206463D-4298-493F-992B-FA5C93DB3F48}.Release|Any CPU.ActiveCfg = Release|Any CPU
		{C206463D-4298-493F-992B-FA5C93DB3F48}.Release|Any CPU.Build.0 = Release|Any CPU
		{9A40DA8B-74EA-47C4-9503-79B3A40B6FAA}.Debug|Any CPU.ActiveCfg = Debug|Any CPU
		{9A40DA8B-74EA-47C4-9503-79B3A40B6FAA}.Debug|Any CPU.Build.0 = Debug|Any CPU
		{9A40DA8B-74EA-47C4-9503-79B3A40B6FAA}.Release|Any CPU.ActiveCfg = Release|Any CPU
		{9A40DA8B-74EA-47C4-9503-79B3A40B6FAA}.Release|Any CPU.Build.0 = Release|Any CPU
		{3F2630FF-ED2D-4CBA-8DE9-067F44C89488}.Debug|Any CPU.ActiveCfg = Debug|Any CPU
		{3F2630FF-ED2D-4CBA-8DE9-067F44C89488}.Debug|Any CPU.Build.0 = Debug|Any CPU
		{3F2630FF-ED2D-4CBA-8DE9-067F44C89488}.Release|Any CPU.ActiveCfg = Release|Any CPU
		{3F2630FF-ED2D-4CBA-8DE9-067F44C89488}.Release|Any CPU.Build.0 = Release|Any CPU
		{D42EF712-A744-4DC7-8FEE-E8D4524BF740}.Debug|Any CPU.ActiveCfg = Debug|Any CPU
		{D42EF712-A744-4DC7-8FEE-E8D4524BF740}.Debug|Any CPU.Build.0 = Debug|Any CPU
		{D42EF712-A744-4DC7-8FEE-E8D4524BF740}.Release|Any CPU.ActiveCfg = Release|Any CPU
		{D42EF712-A744-4DC7-8FEE-E8D4524BF740}.Release|Any CPU.Build.0 = Release|Any CPU
		{0A32D6F7-1496-4E01-A0EE-8288AB905400}.Debug|Any CPU.ActiveCfg = Debug|Any CPU
		{0A32D6F7-1496-4E01-A0EE-8288AB905400}.Debug|Any CPU.Build.0 = Debug|Any CPU
		{0A32D6F7-1496-4E01-A0EE-8288AB905400}.Release|Any CPU.ActiveCfg = Release|Any CPU
		{0A32D6F7-1496-4E01-A0EE-8288AB905400}.Release|Any CPU.Build.0 = Release|Any CPU
		{E0FE147A-32C7-4BC3-8A22-E835A04DDEA3}.Debug|Any CPU.ActiveCfg = Debug|Any CPU
		{E0FE147A-32C7-4BC3-8A22-E835A04DDEA3}.Debug|Any CPU.Build.0 = Debug|Any CPU
		{E0FE147A-32C7-4BC3-8A22-E835A04DDEA3}.Release|Any CPU.ActiveCfg = Release|Any CPU
		{E0FE147A-32C7-4BC3-8A22-E835A04DDEA3}.Release|Any CPU.Build.0 = Release|Any CPU
		{7F8E2FB2-5B41-4AEF-A7E6-08580146E053}.Debug|Any CPU.ActiveCfg = Debug|Any CPU
		{7F8E2FB2-5B41-4AEF-A7E6-08580146E053}.Debug|Any CPU.Build.0 = Debug|Any CPU
		{7F8E2FB2-5B41-4AEF-A7E6-08580146E053}.Release|Any CPU.ActiveCfg = Release|Any CPU
		{7F8E2FB2-5B41-4AEF-A7E6-08580146E053}.Release|Any CPU.Build.0 = Release|Any CPU
	EndGlobalSection
	GlobalSection(SolutionProperties) = preSolution
		HideSolutionNode = FALSE
	EndGlobalSection
	GlobalSection(NestedProjects) = preSolution
		{3AC2217B-A934-4F3E-A0EA-A32ABF00CF7A} = {877134BE-32B0-4AB4-A9E3-5E84400B9EDD}
		{C206463D-4298-493F-992B-FA5C93DB3F48} = {41BD3557-6DF9-424D-9488-C16ECAC8F323}
		{9A40DA8B-74EA-47C4-9503-79B3A40B6FAA} = {41BD3557-6DF9-424D-9488-C16ECAC8F323}
		{3F2630FF-ED2D-4CBA-8DE9-067F44C89488} = {41BD3557-6DF9-424D-9488-C16ECAC8F323}
		{D42EF712-A744-4DC7-8FEE-E8D4524BF740} = {41BD3557-6DF9-424D-9488-C16ECAC8F323}
		{0A32D6F7-1496-4E01-A0EE-8288AB905400} = {41BD3557-6DF9-424D-9488-C16ECAC8F323}
		{E0FE147A-32C7-4BC3-8A22-E835A04DDEA3} = {41BD3557-6DF9-424D-9488-C16ECAC8F323}
		{7F8E2FB2-5B41-4AEF-A7E6-08580146E053} = {E71A897F-3B1D-4C33-B851-06956CA9593C}
	EndGlobalSection
	GlobalSection(ExtensibilityGlobals) = postSolution
		SolutionGuid = {D8E92CDA-4A09-4279-BA1E-BD51D745BA6C}
	EndGlobalSection
EndGlobal
